
Microsoft Visual Studio Solution File, Format Version 12.00
# Visual Studio Version 16
VisualStudioVersion = 16.0.32228.343
MinimumVisualStudioVersion = 10.0.40219.1
Project("{FAE04EC0-301F-11D3-BF4B-00C04F79EFBC}") = "steganography", "steganography.csproj", "{D3E3C712-47C3-4910-8662-9182DDCE42E4}"
EndProject
Global
	GlobalSection(SolutionConfigurationPlatforms) = preSolution
		Debug|Any CPU = Debug|Any CPU
		Release|Any CPU = Release|Any CPU
	EndGlobalSection
	GlobalSection(ProjectConfigurationPlatforms) = postSolution
		{D3E3C712-47C3-4910-8662-9182DDCE42E4}.Debug|Any CPU.ActiveCfg = Debug|Any CPU
		{D3E3C712-47C3-4910-8662-9182DDCE42E4}.Debug|Any CPU.Build.0 = Debug|Any CPU
		{D3E3C712-47C3-4910-8662-9182DDCE42E4}.Release|Any CPU.ActiveCfg = Release|Any CPU
		{D3E3C712-47C3-4910-8662-9182DDCE42E4}.Release|Any CPU.Build.0 = Release|Any CPU
	EndGlobalSection
	GlobalSection(SolutionProperties) = preSolution
		HideSolutionNode = FALSE
	EndGlobalSection
	GlobalSection(ExtensibilityGlobals) = postSolution
		SolutionGuid = {FF5BC9E0-5F9D-47F0-9442-A0A5F86E558A}
	EndGlobalSection
EndGlobal
